
Microsoft Visual Studio Solution File, Format Version 12.00
# Visual Studio 15
Project("{FAE04EC0-301F-11D3-BF4B-00C04F79EFBC}") = "Assembly-CSharp", "Assembly-CSharp.csproj", "{A7919DD6-AE4E-7027-BDF2-6CFEB343F221}"
EndProject
Project("{FAE04EC0-301F-11D3-BF4B-00C04F79EFBC}") = "Assembly-CSharp-Editor", "Assembly-CSharp-Editor.csproj", "{C328ECE3-5CD9-5081-9A2A-A3EAAD0AAABE}"
EndProject
Global
	GlobalSection(SolutionConfigurationPlatforms) = preSolution
		Debug|Any CPU = Debug|Any CPU
		Release|Any CPU = Release|Any CPU
	EndGlobalSection
	GlobalSection(ProjectConfigurationPlatforms) = postSolution
		{A7919DD6-AE4E-7027-BDF2-6CFEB343F221}.Debug|Any CPU.ActiveCfg = Debug|Any CPU
		{A7919DD6-AE4E-7027-BDF2-6CFEB343F221}.Debug|Any CPU.Build.0 = Debug|Any CPU
		{A7919DD6-AE4E-7027-BDF2-6CFEB343F221}.Release|Any CPU.ActiveCfg = Release|Any CPU
		{A7919DD6-AE4E-7027-BDF2-6CFEB343F221}.Release|Any CPU.Build.0 = Release|Any CPU
		{C328ECE3-5CD9-5081-9A2A-A3EAAD0AAABE}.Debug|Any CPU.ActiveCfg = Debug|Any CPU
		{C328ECE3-5CD9-5081-9A2A-A3EAAD0AAABE}.Debug|Any CPU.Build.0 = Debug|Any CPU
		{C328ECE3-5CD9-5081-9A2A-A3EAAD0AAABE}.Release|Any CPU.ActiveCfg = Release|Any CPU
		{C328ECE3-5CD9-5081-9A2A-A3EAAD0AAABE}.Release|Any CPU.Build.0 = Release|Any CPU
	EndGlobalSection
	GlobalSection(SolutionProperties) = preSolution
		HideSolutionNode = FALSE
	EndGlobalSection
EndGlobal
